
Microsoft Visual Studio Solution File, Format Version 12.00
# Visual Studio Version 16
VisualStudioVersion = 16.0.30309.148
MinimumVisualStudioVersion = 10.0.40219.1
Project("{FAE04EC0-301F-11D3-BF4B-00C04F79EFBC}") = "Fullstack_web_app", "Fullstack_web_app\Fullstack_web_app.csproj", "{87E37FAF-FD03-464D-93D9-DA4EE112CF89}"
EndProject
Global
	GlobalSection(SolutionConfigurationPlatforms) = preSolution
		Debug|Any CPU = Debug|Any CPU
		Release|Any CPU = Release|Any CPU
	EndGlobalSection
	GlobalSection(ProjectConfigurationPlatforms) = postSolution
		{87E37FAF-FD03-464D-93D9-DA4EE112CF89}.Debug|Any CPU.ActiveCfg = Debug|Any CPU
		{87E37FAF-FD03-464D-93D9-DA4EE112CF89}.Debug|Any CPU.Build.0 = Debug|Any CPU
		{87E37FAF-FD03-464D-93D9-DA4EE112CF89}.Release|Any CPU.ActiveCfg = Release|Any CPU
		{87E37FAF-FD03-464D-93D9-DA4EE112CF89}.Release|Any CPU.Build.0 = Release|Any CPU
	EndGlobalSection
	GlobalSection(SolutionProperties) = preSolution
		HideSolutionNode = FALSE
	EndGlobalSection
	GlobalSection(ExtensibilityGlobals) = postSolution
		SolutionGuid = {037C7D09-671F-4A10-B81F-18C3628C13E1}
	EndGlobalSection
EndGlobal
